
Microsoft Visual Studio Solution File, Format Version 12.00
# Visual Studio Version 17
VisualStudioVersion = 17.11.35219.272
MinimumVisualStudioVersion = 10.0.40219.1
Project("{FAE04EC0-301F-11D3-BF4B-00C04F79EFBC}") = "Serialization", "Serialization\Serialization.csproj", "{090DC386-21DE-4440-AE84-06227C582F81}"
EndProject
Global
	GlobalSection(SolutionConfigurationPlatforms) = preSolution
		Debug|Any CPU = Debug|Any CPU
		Release|Any CPU = Release|Any CPU
	EndGlobalSection
	GlobalSection(ProjectConfigurationPlatforms) = postSolution
		{090DC386-21DE-4440-AE84-06227C582F81}.Debug|Any CPU.ActiveCfg = Debug|Any CPU
		{090DC386-21DE-4440-AE84-06227C582F81}.Debug|Any CPU.Build.0 = Debug|Any CPU
		{090DC386-21DE-4440-AE84-06227C582F81}.Release|Any CPU.ActiveCfg = Release|Any CPU
		{090DC386-21DE-4440-AE84-06227C582F81}.Release|Any CPU.Build.0 = Release|Any CPU
	EndGlobalSection
	GlobalSection(SolutionProperties) = preSolution
		HideSolutionNode = FALSE
	EndGlobalSection
	GlobalSection(ExtensibilityGlobals) = postSolution
		SolutionGuid = {2001B2B8-DF25-4696-A17C-2F265A2A463E}
	EndGlobalSection
EndGlobal
