
Microsoft Visual Studio Solution File, Format Version 12.00
# Visual Studio Version 17
VisualStudioVersion = 17.11.35219.272
MinimumVisualStudioVersion = 10.0.40219.1
Project("{FAE04EC0-301F-11D3-BF4B-00C04F79EFBC}") = "EmployeePayroll", "EmployeePayroll\EmployeePayroll.csproj", "{5C6B69E6-D31A-4796-BE07-A32F129674C8}"
EndProject
Global
	GlobalSection(SolutionConfigurationPlatforms) = preSolution
		Debug|Any CPU = Debug|Any CPU
		Release|Any CPU = Release|Any CPU
	EndGlobalSection
	GlobalSection(ProjectConfigurationPlatforms) = postSolution
		{5C6B69E6-D31A-4796-BE07-A32F129674C8}.Debug|Any CPU.ActiveCfg = Debug|Any CPU
		{5C6B69E6-D31A-4796-BE07-A32F129674C8}.Debug|Any CPU.Build.0 = Debug|Any CPU
		{5C6B69E6-D31A-4796-BE07-A32F129674C8}.Release|Any CPU.ActiveCfg = Release|Any CPU
		{5C6B69E6-D31A-4796-BE07-A32F129674C8}.Release|Any CPU.Build.0 = Release|Any CPU
	EndGlobalSection
	GlobalSection(SolutionProperties) = preSolution
		HideSolutionNode = FALSE
	EndGlobalSection
	GlobalSection(ExtensibilityGlobals) = postSolution
		SolutionGuid = {CCA12C68-C469-42C5-A7FC-2906F7BCA989}
	EndGlobalSection
EndGlobal
